{
  "nodes": {
    "home-manager": {
      "inputs": {
        "nixpkgs": [
          "nixpkgs"
        ]
      },
      "locked": {
        "lastModified": 1785958398,
        "narHash": "sha256-5r/JgsoNMTx+qIh83WkxpujEKBR7PF5ssnh5vYCuSAw=",
        "owner": "nix-community",
        "repo": "home-manager",
        "rev": "a7c70cc290290f373f50cd820403833d250459ac",
        "type": "github"
      },
      "original": {
        "owner": "nix-community",
        "repo": "home-manager",
        "type": "github"
      }
    },
    "home-manager_2": {
      "inputs": {
        "nixpkgs": [
          "zen-browser",
          "nixpkgs"
        ]
      },
      "locked": {
        "lastModified": 1785531816,
        "narHash": "sha256-vkMnV0JIyw+g/NmcfoajlGaAO+9a0ezia+FZohQJrik=",
        "owner": "nix-community",
        "repo": "home-manager",
        "rev": "bf9ce9fec78f95f374e8dd3b503863a3ec128ebe",
        "type": "github"
      },
      "original": {
        "owner": "nix-community",
        "repo": "home-manager",
        "type": "github"
      }
    },
    "minos": {
      "inputs": {
        "nixpkgs": [
          "nixpkgs"
        ],
        "quickshell": "quickshell"
      },
      "locked": {
        "lastModified": 1781725618,
        "narHash": "sha256-RLrYnPdmvJudzZvR49AKMu0zoq/7LZmqYtGMHL2KMyg=",
        "owner": "tangerineArc",
        "repo": "minos",
        "rev": "f590d897b3abfb4ebf06bbc709eb94ff210586d2",
        "type": "github"
      },
      "original": {
        "owner": "tangerineArc",
        "repo": "minos",
        "type": "github"
      }
    },
    "nixpkgs": {
      "locked": {
        "lastModified": 1785967620,
        "narHash": "sha256-IItrdb7Puk05RqOBWZYFC5X6Wl1sJmCfh5MWVHw5iMM=",
        "owner": "nixos",
        "repo": "nixpkgs",
        "rev": "b7c2ada94fe99c15b0dbcf4d11fd7850b957a436",
        "type": "github"
      },
      "original": {
        "owner": "nixos",
        "ref": "nixos-unstable",
        "repo": "nixpkgs",
        "type": "github"
      }
    },
    "quickshell": {
      "inputs": {
        "nixpkgs": [
          "minos",
          "nixpkgs"
        ]
      },
      "locked": {
        "lastModified": 1781053488,
        "narHash": "sha256-P4WEBaKgl8flRckHxXGHzT0potPvB3x8ZFIp9gLEAMY=",
        "ref": "refs/heads/master",
        "rev": "d99d87d5e5ec4e696815348692fdaaf0b6be1b2c",
        "revCount": 822,
        "type": "git",
        "url": "https://git.outfoxxed.me/outfoxxed/quickshell"
      },
      "original": {
        "type": "git",
        "url": "https://git.outfoxxed.me/outfoxxed/quickshell"
      }
    },
    "root": {
      "inputs": {
        "home-manager": "home-manager",
        "minos": "minos",
        "nixpkgs": "nixpkgs",
        "rust-overlay": "rust-overlay",
        "zen-browser": "zen-browser"
      }
    },
    "rust-overlay": {
      "inputs": {
        "nixpkgs": [
          "nixpkgs"
        ]
      },
      "locked": {
        "lastModified": 1785993740,
        "narHash": "sha256-naSJ+p7zkIT2hHNSJkhxiPZlmVRgE3UdODinMM7rpD8=",
        "owner": "oxalica",
        "repo": "rust-overlay",
        "rev": "3d1b34a12a26be073f7ae67165a6b61229ca6025",
        "type": "github"
      },
      "original": {
        "owner": "oxalica",
        "repo": "rust-overlay",
        "type": "github"
      }
    },
    "zen-browser": {
      "inputs": {
        "home-manager": "home-manager_2",
        "nixpkgs": [
          "nixpkgs"
        ]
      },
      "locked": {
        "lastModified": 1786001994,
        "narHash": "sha256-3PPAiocTC+fRgp5jabkLsurqr/i8P6/BvQ4qWqsqTcE=",
        "owner": "0xc000022070",
        "repo": "zen-browser-flake",
        "rev": "f7351ed60d70cc2e5d17f3f8a4530e822befdd5a",
        "type": "github"
      },
      "original": {
        "owner": "0xc000022070",
        "repo": "zen-browser-flake",
        "type": "github"
      }
    }
  },
  "root": "root",
  "version": 7
}
